
Microsoft Visual Studio Solution File, Format Version 12.00
# Visual Studio 15
VisualStudioVersion = 15.0.27703.2018
MinimumVisualStudioVersion = 10.0.40219.1
Project("{FAE04EC0-301F-11D3-BF4B-00C04F79EFBC}") = "Move Picture", "Move Picture\Move Picture.csproj", "{D3323D17-813A-4DF5-B57E-3F2BA26A92A7}"
EndProject
Global
	GlobalSection(SolutionConfigurationPlatforms) = preSolution
		Debug|Any CPU = Debug|Any CPU
		Release|Any CPU = Release|Any CPU
	EndGlobalSection
	GlobalSection(ProjectConfigurationPlatforms) = postSolution
		{D3323D17-813A-4DF5-B57E-3F2BA26A92A7}.Debug|Any CPU.ActiveCfg = Debug|Any CPU
		{D3323D17-813A-4DF5-B57E-3F2BA26A92A7}.Debug|Any CPU.Build.0 = Debug|Any CPU
		{D3323D17-813A-4DF5-B57E-3F2BA26A92A7}.Release|Any CPU.ActiveCfg = Release|Any CPU
		{D3323D17-813A-4DF5-B57E-3F2BA26A92A7}.Release|Any CPU.Build.0 = Release|Any CPU
	EndGlobalSection
	GlobalSection(SolutionProperties) = preSolution
		HideSolutionNode = FALSE
	EndGlobalSection
	GlobalSection(ExtensibilityGlobals) = postSolution
		SolutionGuid = {7F42907C-74D5-4DC1-85DC-B9F9CDEBB45A}
	EndGlobalSection
EndGlobal
